
Microsoft Visual Studio Solution File, Format Version 12.00
# Visual Studio Version 17
VisualStudioVersion = 17.5.002.0
MinimumVisualStudioVersion = 10.0.40219.1
Project("{9A19103F-16F7-4668-BE54-9A1E7A4F7556}") = "ASP_NET_App", "ASP_NET_App.csproj", "{A84B457A-A01F-4048-802F-C78290DC2654}"
EndProject
Global
	GlobalSection(SolutionConfigurationPlatforms) = preSolution
		Debug|Any CPU = Debug|Any CPU
		Release|Any CPU = Release|Any CPU
	EndGlobalSection
	GlobalSection(ProjectConfigurationPlatforms) = postSolution
		{A84B457A-A01F-4048-802F-C78290DC2654}.Debug|Any CPU.ActiveCfg = Debug|Any CPU
		{A84B457A-A01F-4048-802F-C78290DC2654}.Debug|Any CPU.Build.0 = Debug|Any CPU
		{A84B457A-A01F-4048-802F-C78290DC2654}.Release|Any CPU.ActiveCfg = Release|Any CPU
		{A84B457A-A01F-4048-802F-C78290DC2654}.Release|Any CPU.Build.0 = Release|Any CPU
	EndGlobalSection
	GlobalSection(SolutionProperties) = preSolution
		HideSolutionNode = FALSE
	EndGlobalSection
	GlobalSection(ExtensibilityGlobals) = postSolution
		SolutionGuid = {7622CDC9-C7BC-4E85-AEF8-BAD2015DA8C4}
	EndGlobalSection
EndGlobal
